
Microsoft Visual Studio Solution File, Format Version 12.00
# Visual Studio 15
VisualStudioVersion = 15.0.27004.2002
MinimumVisualStudioVersion = 10.0.40219.1
Project("{FAE04EC0-301F-11D3-BF4B-00C04F79EFBC}") = "MultiplePanoramics", "MultiplePanoramics\MultiplePanoramics.csproj", "{D11F9192-8140-4218-9F8D-0A3F23724B2C}"
EndProject
Global
	GlobalSection(SolutionConfigurationPlatforms) = preSolution
		Debug|Any CPU = Debug|Any CPU
		Release|Any CPU = Release|Any CPU
	EndGlobalSection
	GlobalSection(ProjectConfigurationPlatforms) = postSolution
		{D11F9192-8140-4218-9F8D-0A3F23724B2C}.Debug|Any CPU.ActiveCfg = Debug|Any CPU
		{D11F9192-8140-4218-9F8D-0A3F23724B2C}.Debug|Any CPU.Build.0 = Debug|Any CPU
		{D11F9192-8140-4218-9F8D-0A3F23724B2C}.Release|Any CPU.ActiveCfg = Release|Any CPU
		{D11F9192-8140-4218-9F8D-0A3F23724B2C}.Release|Any CPU.Build.0 = Release|Any CPU
	EndGlobalSection
	GlobalSection(SolutionProperties) = preSolution
		HideSolutionNode = FALSE
	EndGlobalSection
	GlobalSection(ExtensibilityGlobals) = postSolution
		SolutionGuid = {B7C8619F-C07C-4933-8863-ADF88AD0DDCC}
	EndGlobalSection
EndGlobal
